
Microsoft Visual Studio Solution File, Format Version 12.00
# Visual Studio Version 17
VisualStudioVersion = 17.5.002.0
MinimumVisualStudioVersion = 10.0.40219.1
Project("{9A19103F-16F7-4668-BE54-9A1E7A4F7556}") = "Cronometro", "Cronometro.csproj", "{7613747C-BB5B-4949-BA16-80C8E997FF80}"
EndProject
Global
	GlobalSection(SolutionConfigurationPlatforms) = preSolution
		Debug|Any CPU = Debug|Any CPU
		Release|Any CPU = Release|Any CPU
	EndGlobalSection
	GlobalSection(ProjectConfigurationPlatforms) = postSolution
		{7613747C-BB5B-4949-BA16-80C8E997FF80}.Debug|Any CPU.ActiveCfg = Debug|Any CPU
		{7613747C-BB5B-4949-BA16-80C8E997FF80}.Debug|Any CPU.Build.0 = Debug|Any CPU
		{7613747C-BB5B-4949-BA16-80C8E997FF80}.Release|Any CPU.ActiveCfg = Release|Any CPU
		{7613747C-BB5B-4949-BA16-80C8E997FF80}.Release|Any CPU.Build.0 = Release|Any CPU
	EndGlobalSection
	GlobalSection(SolutionProperties) = preSolution
		HideSolutionNode = FALSE
	EndGlobalSection
	GlobalSection(ExtensibilityGlobals) = postSolution
		SolutionGuid = {714C353B-711D-4766-B26E-B125CD2845CB}
	EndGlobalSection
EndGlobal
